
Microsoft Visual Studio Solution File, Format Version 12.00
# Visual Studio Version 17
VisualStudioVersion = 17.14.36908.2 d17.14
MinimumVisualStudioVersion = 10.0.40219.1
Project("{FAE04EC0-301F-11D3-BF4B-00C04F79EFBC}") = "EasyExam.API", "EasyExam.API\EasyExam.API.csproj", "{ED008091-5745-4E6E-BD2B-3C126A3FFFAD}"
EndProject
Global
	GlobalSection(SolutionConfigurationPlatforms) = preSolution
		Debug|Any CPU = Debug|Any CPU
		Release|Any CPU = Release|Any CPU
	EndGlobalSection
	GlobalSection(ProjectConfigurationPlatforms) = postSolution
		{ED008091-5745-4E6E-BD2B-3C126A3FFFAD}.Debug|Any CPU.ActiveCfg = Debug|Any CPU
		{ED008091-5745-4E6E-BD2B-3C126A3FFFAD}.Debug|Any CPU.Build.0 = Debug|Any CPU
		{ED008091-5745-4E6E-BD2B-3C126A3FFFAD}.Release|Any CPU.ActiveCfg = Release|Any CPU
		{ED008091-5745-4E6E-BD2B-3C126A3FFFAD}.Release|Any CPU.Build.0 = Release|Any CPU
	EndGlobalSection
	GlobalSection(SolutionProperties) = preSolution
		HideSolutionNode = FALSE
	EndGlobalSection
	GlobalSection(ExtensibilityGlobals) = postSolution
		SolutionGuid = {FB51746B-42AC-4536-B038-2183137758B9}
	EndGlobalSection
EndGlobal
